
Microsoft Visual Studio Solution File, Format Version 12.00
# Visual Studio Version 16
VisualStudioVersion = 16.0.31129.286
MinimumVisualStudioVersion = 10.0.40219.1
Project("{9A19103F-16F7-4668-BE54-9A1E7A4F7556}") = "DEVisIT.SiFatto.Web", "DEVisIT.SiFatto.Web\DEVisIT.SiFatto.Web.csproj", "{AE7C1F9B-B5F3-4826-B0CE-367C1E2426D7}"
EndProject
Project("{9A19103F-16F7-4668-BE54-9A1E7A4F7556}") = "DEVisIT.SiFatto.ApplicationCore", "DEVisIT.SiFatto.ApplicationCore\DEVisIT.SiFatto.ApplicationCore.csproj", "{3791D44F-6C1D-43B1-968D-70E1C99214CF}"
EndProject
Project("{9A19103F-16F7-4668-BE54-9A1E7A4F7556}") = "DEVisIT.SiFatto.Infrastructure", "DEVisIT.SiFatto.Infrastructure\DEVisIT.SiFatto.Infrastructure.csproj", "{B7FD3330-90DD-46C6-8DE1-824A68E8BC98}"
EndProject
Project("{9A19103F-16F7-4668-BE54-9A1E7A4F7556}") = "DEVisIT.SiFatto.Domain", "DEVisIT.SiFatto.Domain\DEVisIT.SiFatto.Domain.csproj", "{1CF7D9BD-6BD8-49C3-926E-0CA6DE0E8920}"
EndProject
Project("{2150E333-8FDC-42A3-9474-1A3956D46DE8}") = "Solution Items", "Solution Items", "{9C94CD49-D868-44DF-8314-86FB9FFA6D50}"
	ProjectSection(SolutionItems) = preProject
		..\README.md = ..\README.md
	EndProjectSection
EndProject
Global
	GlobalSection(SolutionConfigurationPlatforms) = preSolution
		Debug|Any CPU = Debug|Any CPU
		Release|Any CPU = Release|Any CPU
	EndGlobalSection
	GlobalSection(ProjectConfigurationPlatforms) = postSolution
		{AE7C1F9B-B5F3-4826-B0CE-367C1E2426D7}.Debug|Any CPU.ActiveCfg = Debug|Any CPU
		{AE7C1F9B-B5F3-4826-B0CE-367C1E2426D7}.Debug|Any CPU.Build.0 = Debug|Any CPU
		{AE7C1F9B-B5F3-4826-B0CE-367C1E2426D7}.Release|Any CPU.ActiveCfg = Release|Any CPU
		{AE7C1F9B-B5F3-4826-B0CE-367C1E2426D7}.Release|Any CPU.Build.0 = Release|Any CPU
		{3791D44F-6C1D-43B1-968D-70E1C99214CF}.Debug|Any CPU.ActiveCfg = Debug|Any CPU
		{3791D44F-6C1D-43B1-968D-70E1C99214CF}.Debug|Any CPU.Build.0 = Debug|Any CPU
		{3791D44F-6C1D-43B1-968D-70E1C99214CF}.Release|Any CPU.ActiveCfg = Release|Any CPU
		{3791D44F-6C1D-43B1-968D-70E1C99214CF}.Release|Any CPU.Build.0 = Release|Any CPU
		{B7FD3330-90DD-46C6-8DE1-824A68E8BC98}.Debug|Any CPU.ActiveCfg = Debug|Any CPU
		{B7FD3330-90DD-46C6-8DE1-824A68E8BC98}.Debug|Any CPU.Build.0 = Debug|Any CPU
		{B7FD3330-90DD-46C6-8DE1-824A68E8BC98}.Release|Any CPU.ActiveCfg = Release|Any CPU
		{B7FD3330-90DD-46C6-8DE1-824A68E8BC98}.Release|Any CPU.Build.0 = Release|Any CPU
		{1CF7D9BD-6BD8-49C3-926E-0CA6DE0E8920}.Debug|Any CPU.ActiveCfg = Debug|Any CPU
		{1CF7D9BD-6BD8-49C3-926E-0CA6DE0E8920}.Debug|Any CPU.Build.0 = Debug|Any CPU
		{1CF7D9BD-6BD8-49C3-926E-0CA6DE0E8920}.Release|Any CPU.ActiveCfg = Release|Any CPU
		{1CF7D9BD-6BD8-49C3-926E-0CA6DE0E8920}.Release|Any CPU.Build.0 = Release|Any CPU
	EndGlobalSection
	GlobalSection(SolutionProperties) = preSolution
		HideSolutionNode = FALSE
	EndGlobalSection
	GlobalSection(ExtensibilityGlobals) = postSolution
		SolutionGuid = {32036CF4-3A40-4E62-87AA-D4C836D5B221}
	EndGlobalSection
EndGlobal
